
Microsoft Visual Studio Solution File, Format Version 12.00
# Visual Studio Version 16
VisualStudioVersion = 16.0.30804.86
MinimumVisualStudioVersion = 10.0.40219.1
Project("{FAE04EC0-301F-11D3-BF4B-00C04F79EFBC}") = "CSC 410 Team Project Restaurant", "CSC 410 Team Project Restaurant.csproj", "{71B7F255-F4A8-4E3F-819B-2FB1CD9FB681}"
EndProject
Global
	GlobalSection(SolutionConfigurationPlatforms) = preSolution
		Debug|Any CPU = Debug|Any CPU
		Release|Any CPU = Release|Any CPU
	EndGlobalSection
	GlobalSection(ProjectConfigurationPlatforms) = postSolution
		{71B7F255-F4A8-4E3F-819B-2FB1CD9FB681}.Debug|Any CPU.ActiveCfg = Debug|Any CPU
		{71B7F255-F4A8-4E3F-819B-2FB1CD9FB681}.Debug|Any CPU.Build.0 = Debug|Any CPU
		{71B7F255-F4A8-4E3F-819B-2FB1CD9FB681}.Release|Any CPU.ActiveCfg = Release|Any CPU
		{71B7F255-F4A8-4E3F-819B-2FB1CD9FB681}.Release|Any CPU.Build.0 = Release|Any CPU
	EndGlobalSection
	GlobalSection(SolutionProperties) = preSolution
		HideSolutionNode = FALSE
	EndGlobalSection
	GlobalSection(ExtensibilityGlobals) = postSolution
		SolutionGuid = {256D588D-843B-4F99-9328-B3213A1A13D6}
	EndGlobalSection
EndGlobal
